
Microsoft Visual Studio Solution File, Format Version 12.00
# Visual Studio Version 17
VisualStudioVersion = 17.5.33516.290
MinimumVisualStudioVersion = 10.0.40219.1
Project("{9A19103F-16F7-4668-BE54-9A1E7A4F7556}") = "EventTicket.API", "EventTicket\EventTicket.API.csproj", "{5BA0B349-AF3E-45AC-AE64-555F9E25DDF1}"
EndProject
Project("{FAE04EC0-301F-11D3-BF4B-00C04F79EFBC}") = "Ticket.Domain", "Ticket.Domain\Ticket.Domain.csproj", "{0693FFAC-7EB1-43DE-AB52-3922D20DFC9A}"
EndProject
Project("{FAE04EC0-301F-11D3-BF4B-00C04F79EFBC}") = "Ticket.Application", "Event.Application\Ticket.Application.csproj", "{C8E6208F-FF88-4CCE-BD37-D5339CCA3E19}"
EndProject
Global
	GlobalSection(SolutionConfigurationPlatforms) = preSolution
		Debug|Any CPU = Debug|Any CPU
		Release|Any CPU = Release|Any CPU
	EndGlobalSection
	GlobalSection(ProjectConfigurationPlatforms) = postSolution
		{5BA0B349-AF3E-45AC-AE64-555F9E25DDF1}.Debug|Any CPU.ActiveCfg = Debug|Any CPU
		{5BA0B349-AF3E-45AC-AE64-555F9E25DDF1}.Debug|Any CPU.Build.0 = Debug|Any CPU
		{5BA0B349-AF3E-45AC-AE64-555F9E25DDF1}.Release|Any CPU.ActiveCfg = Release|Any CPU
		{5BA0B349-AF3E-45AC-AE64-555F9E25DDF1}.Release|Any CPU.Build.0 = Release|Any CPU
		{0693FFAC-7EB1-43DE-AB52-3922D20DFC9A}.Debug|Any CPU.ActiveCfg = Debug|Any CPU
		{0693FFAC-7EB1-43DE-AB52-3922D20DFC9A}.Debug|Any CPU.Build.0 = Debug|Any CPU
		{0693FFAC-7EB1-43DE-AB52-3922D20DFC9A}.Release|Any CPU.ActiveCfg = Release|Any CPU
		{0693FFAC-7EB1-43DE-AB52-3922D20DFC9A}.Release|Any CPU.Build.0 = Release|Any CPU
		{C8E6208F-FF88-4CCE-BD37-D5339CCA3E19}.Debug|Any CPU.ActiveCfg = Debug|Any CPU
		{C8E6208F-FF88-4CCE-BD37-D5339CCA3E19}.Debug|Any CPU.Build.0 = Debug|Any CPU
		{C8E6208F-FF88-4CCE-BD37-D5339CCA3E19}.Release|Any CPU.ActiveCfg = Release|Any CPU
		{C8E6208F-FF88-4CCE-BD37-D5339CCA3E19}.Release|Any CPU.Build.0 = Release|Any CPU
	EndGlobalSection
	GlobalSection(SolutionProperties) = preSolution
		HideSolutionNode = FALSE
	EndGlobalSection
	GlobalSection(ExtensibilityGlobals) = postSolution
		SolutionGuid = {937EBAE1-FF91-461F-A481-3A1D9F65212B}
	EndGlobalSection
EndGlobal
